// !$*UTF8*$!
{
	archiveVersion = 1;
	classes = {
	};
	objectVersion = 56;
	objects = {

/* Begin PBXBuildFile section */
		338D67E8081E60A1CD963A8B /* Pods_AnimeJourneyFeed.framework in Frameworks */ = {isa = PBXBuildFile; fileRef = 40F9F5175CFE10AD9129EDBB /* Pods_AnimeJourneyFeed.framework */; };
		502F25C8299A4F0500B75447 /* ApiResponse.swift in Sources */ = {isa = PBXBuildFile; fileRef = 502F25C7299A4F0500B75447 /* ApiResponse.swift */; };
		5072C2BB2996996800A1F424 /* FeedPresenter.swift in Sources */ = {isa = PBXBuildFile; fileRef = 5072C2BA2996996800A1F424 /* FeedPresenter.swift */; };
		5072C2BD29969A0100A1F424 /* Prototype.swift in Sources */ = {isa = PBXBuildFile; fileRef = 5072C2BC29969A0100A1F424 /* Prototype.swift */; };
		5072C2BF29969B5200A1F424 /* DataManager.swift in Sources */ = {isa = PBXBuildFile; fileRef = 5072C2BE29969B5200A1F424 /* DataManager.swift */; };
		5072C2C129969BE900A1F424 /* FeedView.swift in Sources */ = {isa = PBXBuildFile; fileRef = 5072C2C029969BE900A1F424 /* FeedView.swift */; };
		5072C2C32996B02100A1F424 /* FeedAssembly.swift in Sources */ = {isa = PBXBuildFile; fileRef = 5072C2C22996B02100A1F424 /* FeedAssembly.swift */; };
		5072C2E029996E2700A1F424 /* FeedViewProtocol.swift in Sources */ = {isa = PBXBuildFile; fileRef = 5072C2DF29996E2700A1F424 /* FeedViewProtocol.swift */; };
		5072C2E229996F2700A1F424 /* FeedPresenterProtocol.swift in Sources */ = {isa = PBXBuildFile; fileRef = 5072C2E129996F2700A1F424 /* FeedPresenterProtocol.swift */; };
		5072C2E42999885200A1F424 /* RootApplicationService.swift in Sources */ = {isa = PBXBuildFile; fileRef = 5072C2E32999885200A1F424 /* RootApplicationService.swift */; };
		509BA2E0299BD64E00817A46 /* PosterLoader.swift in Sources */ = {isa = PBXBuildFile; fileRef = 509BA2DF299BD64E00817A46 /* PosterLoader.swift */; };
		509BA2E6299BFDA200817A46 /* URLSessionDataTask+Cancellable.swift in Sources */ = {isa = PBXBuildFile; fileRef = 509BA2E5299BFDA200817A46 /* URLSessionDataTask+Cancellable.swift */; };
		509BA2E8299D0F4600817A46 /* FeedLoader.swift in Sources */ = {isa = PBXBuildFile; fileRef = 509BA2E7299D0F4600817A46 /* FeedLoader.swift */; };
		509BA2EA299E436100817A46 /* RequestProtocol.swift in Sources */ = {isa = PBXBuildFile; fileRef = 509BA2E9299E436000817A46 /* RequestProtocol.swift */; };
		509BA2EC299E47B500817A46 /* NetworkError.swift in Sources */ = {isa = PBXBuildFile; fileRef = 509BA2EB299E47B500817A46 /* NetworkError.swift */; };
		509BA2EF299E550B00817A46 /* RequestManager.swift in Sources */ = {isa = PBXBuildFile; fileRef = 509BA2EE299E550B00817A46 /* RequestManager.swift */; };
		509BA2F1299E584600817A46 /* DataParser.swift in Sources */ = {isa = PBXBuildFile; fileRef = 509BA2F0299E584600817A46 /* DataParser.swift */; };
		50A334BD299B5E3E000A5131 /* FeedTableCell.swift in Sources */ = {isa = PBXBuildFile; fileRef = 50A334BC299B5E3E000A5131 /* FeedTableCell.swift */; };
		50D199CB29967D2400A0A3EB /* AppDelegate.swift in Sources */ = {isa = PBXBuildFile; fileRef = 50D199CA29967D2400A0A3EB /* AppDelegate.swift */; };
		50D199CD29967D2400A0A3EB /* SceneDelegate.swift in Sources */ = {isa = PBXBuildFile; fileRef = 50D199CC29967D2400A0A3EB /* SceneDelegate.swift */; };
		50D199CF29967D2400A0A3EB /* FeedViewController.swift in Sources */ = {isa = PBXBuildFile; fileRef = 50D199CE29967D2400A0A3EB /* FeedViewController.swift */; };
		50D199D429967D2A00A0A3EB /* Assets.xcassets in Resources */ = {isa = PBXBuildFile; fileRef = 50D199D329967D2A00A0A3EB /* Assets.xcassets */; };
		50D199D729967D2A00A0A3EB /* LaunchScreen.storyboard in Resources */ = {isa = PBXBuildFile; fileRef = 50D199D529967D2A00A0A3EB /* LaunchScreen.storyboard */; };
/* End PBXBuildFile section */

/* Begin PBXFileReference section */
		40F9F5175CFE10AD9129EDBB /* Pods_AnimeJourneyFeed.framework */ = {isa = PBXFileReference; explicitFileType = wrapper.framework; includeInIndex = 0; path = Pods_AnimeJourneyFeed.framework; sourceTree = BUILT_PRODUCTS_DIR; };
		502F25C7299A4F0500B75447 /* ApiResponse.swift */ = {isa = PBXFileReference; lastKnownFileType = sourcecode.swift; path = ApiResponse.swift; sourceTree = "<group>"; };
		5072C2BA2996996800A1F424 /* FeedPresenter.swift */ = {isa = PBXFileReference; lastKnownFileType = sourcecode.swift; path = FeedPresenter.swift; sourceTree = "<group>"; };
		5072C2BC29969A0100A1F424 /* Prototype.swift */ = {isa = PBXFileReference; lastKnownFileType = sourcecode.swift; path = Prototype.swift; sourceTree = "<group>"; };
		5072C2BE29969B5200A1F424 /* DataManager.swift */ = {isa = PBXFileReference; lastKnownFileType = sourcecode.swift; path = DataManager.swift; sourceTree = "<group>"; };
		5072C2C029969BE900A1F424 /* FeedView.swift */ = {isa = PBXFileReference; lastKnownFileType = sourcecode.swift; path = FeedView.swift; sourceTree = "<group>"; };
		5072C2C22996B02100A1F424 /* FeedAssembly.swift */ = {isa = PBXFileReference; lastKnownFileType = sourcecode.swift; path = FeedAssembly.swift; sourceTree = "<group>"; };
		5072C2DF29996E2700A1F424 /* FeedViewProtocol.swift */ = {isa = PBXFileReference; lastKnownFileType = sourcecode.swift; path = FeedViewProtocol.swift; sourceTree = "<group>"; };
		5072C2E129996F2700A1F424 /* FeedPresenterProtocol.swift */ = {isa = PBXFileReference; lastKnownFileType = sourcecode.swift; path = FeedPresenterProtocol.swift; sourceTree = "<group>"; };
		5072C2E32999885200A1F424 /* RootApplicationService.swift */ = {isa = PBXFileReference; lastKnownFileType = sourcecode.swift; path = RootApplicationService.swift; sourceTree = "<group>"; };
		509BA2DF299BD64E00817A46 /* PosterLoader.swift */ = {isa = PBXFileReference; lastKnownFileType = sourcecode.swift; path = PosterLoader.swift; sourceTree = "<group>"; };
		509BA2E5299BFDA200817A46 /* URLSessionDataTask+Cancellable.swift */ = {isa = PBXFileReference; lastKnownFileType = sourcecode.swift; path = "URLSessionDataTask+Cancellable.swift"; sourceTree = "<group>"; };
		509BA2E7299D0F4600817A46 /* FeedLoader.swift */ = {isa = PBXFileReference; lastKnownFileType = sourcecode.swift; path = FeedLoader.swift; sourceTree = "<group>"; };
		509BA2E9299E436000817A46 /* RequestProtocol.swift */ = {isa = PBXFileReference; lastKnownFileType = sourcecode.swift; path = RequestProtocol.swift; sourceTree = "<group>"; };
		509BA2EB299E47B500817A46 /* NetworkError.swift */ = {isa = PBXFileReference; lastKnownFileType = sourcecode.swift; path = NetworkError.swift; sourceTree = "<group>"; };
		509BA2EE299E550B00817A46 /* RequestManager.swift */ = {isa = PBXFileReference; lastKnownFileType = sourcecode.swift; path = RequestManager.swift; sourceTree = "<group>"; };
		509BA2F0299E584600817A46 /* DataParser.swift */ = {isa = PBXFileReference; lastKnownFileType = sourcecode.swift; path = DataParser.swift; sourceTree = "<group>"; };
		50A334BC299B5E3E000A5131 /* FeedTableCell.swift */ = {isa = PBXFileReference; lastKnownFileType = sourcecode.swift; path = FeedTableCell.swift; sourceTree = "<group>"; };
		50D199C729967D2400A0A3EB /* AnimeJourneyFeed.app */ = {isa = PBXFileReference; explicitFileType = wrapper.application; includeInIndex = 0; path = AnimeJourneyFeed.app; sourceTree = BUILT_PRODUCTS_DIR; };
		50D199CA29967D2400A0A3EB /* AppDelegate.swift */ = {isa = PBXFileReference; lastKnownFileType = sourcecode.swift; path = AppDelegate.swift; sourceTree = "<group>"; };
		50D199CC29967D2400A0A3EB /* SceneDelegate.swift */ = {isa = PBXFileReference; lastKnownFileType = sourcecode.swift; path = SceneDelegate.swift; sourceTree = "<group>"; };
		50D199CE29967D2400A0A3EB /* FeedViewController.swift */ = {isa = PBXFileReference; lastKnownFileType = sourcecode.swift; path = FeedViewController.swift; sourceTree = "<group>"; };
		50D199D329967D2A00A0A3EB /* Assets.xcassets */ = {isa = PBXFileReference; lastKnownFileType = folder.assetcatalog; path = Assets.xcassets; sourceTree = "<group>"; };
		50D199D629967D2A00A0A3EB /* Base */ = {isa = PBXFileReference; lastKnownFileType = file.storyboard; name = Base; path = Base.lproj/LaunchScreen.storyboard; sourceTree = "<group>"; };
		50D199D829967D2A00A0A3EB /* Info.plist */ = {isa = PBXFileReference; lastKnownFileType = text.plist.xml; path = Info.plist; sourceTree = "<group>"; };
		7CD372692D833F12C4DA9944 /* Pods-AnimeJourneyFeed.release.xcconfig */ = {isa = PBXFileReference; includeInIndex = 1; lastKnownFileType = text.xcconfig; name = "Pods-AnimeJourneyFeed.release.xcconfig"; path = "Target Support Files/Pods-AnimeJourneyFeed/Pods-AnimeJourneyFeed.release.xcconfig"; sourceTree = "<group>"; };
		8F308480748ACA845650A2B9 /* Pods-AnimeJourneyFeed.debug.xcconfig */ = {isa = PBXFileReference; includeInIndex = 1; lastKnownFileType = text.xcconfig; name = "Pods-AnimeJourneyFeed.debug.xcconfig"; path = "Target Support Files/Pods-AnimeJourneyFeed/Pods-AnimeJourneyFeed.debug.xcconfig"; sourceTree = "<group>"; };
/* End PBXFileReference section */

/* Begin PBXFrameworksBuildPhase section */
		50D199C429967D2400A0A3EB /* Frameworks */ = {
			isa = PBXFrameworksBuildPhase;
			buildActionMask = 2147483647;
			files = (
				338D67E8081E60A1CD963A8B /* Pods_AnimeJourneyFeed.framework in Frameworks */,
			);
			runOnlyForDeploymentPostprocessing = 0;
		};
/* End PBXFrameworksBuildPhase section */

/* Begin PBXGroup section */
		020C565DCC9C01DB5CB6F228 /* Frameworks */ = {
			isa = PBXGroup;
			children = (
				40F9F5175CFE10AD9129EDBB /* Pods_AnimeJourneyFeed.framework */,
			);
			name = Frameworks;
			sourceTree = "<group>";
		};
		382053D8D9207723610FECFA /* Pods */ = {
			isa = PBXGroup;
			children = (
				8F308480748ACA845650A2B9 /* Pods-AnimeJourneyFeed.debug.xcconfig */,
				7CD372692D833F12C4DA9944 /* Pods-AnimeJourneyFeed.release.xcconfig */,
			);
			path = Pods;
			sourceTree = "<group>";
		};
		502F25C6299A4EDD00B75447 /* Json Model */ = {
			isa = PBXGroup;
			children = (
				502F25C7299A4F0500B75447 /* ApiResponse.swift */,
			);
			path = "Json Model";
			sourceTree = "<group>";
		};
		5072C2B62996986D00A1F424 /* FeedScreen */ = {
			isa = PBXGroup;
			children = (
				5072C2DE29996E0C00A1F424 /* Assembly */,
				5072C2B82996988E00A1F424 /* View */,
				5072C2B92996989F00A1F424 /* Presenter */,
				5072C2DD29996E0100A1F424 /* Protocols */,
			);
			path = FeedScreen;
			sourceTree = "<group>";
		};
		5072C2B72996988400A1F424 /* DataManager */ = {
			isa = PBXGroup;
			children = (
				5072C2BC29969A0100A1F424 /* Prototype.swift */,
				5072C2BE29969B5200A1F424 /* DataManager.swift */,
			);
			path = DataManager;
			sourceTree = "<group>";
		};
		5072C2B82996988E00A1F424 /* View */ = {
			isa = PBXGroup;
			children = (
				50D199CE29967D2400A0A3EB /* FeedViewController.swift */,
				5072C2C029969BE900A1F424 /* FeedView.swift */,
				50A334BE299B5E44000A5131 /* Cells */,
			);
			path = View;
			sourceTree = "<group>";
		};
		5072C2B92996989F00A1F424 /* Presenter */ = {
			isa = PBXGroup;
			children = (
				5072C2BA2996996800A1F424 /* FeedPresenter.swift */,
			);
			path = Presenter;
			sourceTree = "<group>";
		};
		5072C2DD29996E0100A1F424 /* Protocols */ = {
			isa = PBXGroup;
			children = (
				5072C2DF29996E2700A1F424 /* FeedViewProtocol.swift */,
				5072C2E129996F2700A1F424 /* FeedPresenterProtocol.swift */,
			);
			path = Protocols;
			sourceTree = "<group>";
		};
		5072C2DE29996E0C00A1F424 /* Assembly */ = {
			isa = PBXGroup;
			children = (
				5072C2C22996B02100A1F424 /* FeedAssembly.swift */,
			);
			path = Assembly;
			sourceTree = "<group>";
		};
		509BA2DE299BD62600817A46 /* Network services */ = {
			isa = PBXGroup;
			children = (
				509BA2ED299E54F500817A46 /* Request */,
				509BA2DF299BD64E00817A46 /* PosterLoader.swift */,
				509BA2E7299D0F4600817A46 /* FeedLoader.swift */,
				509BA2EB299E47B500817A46 /* NetworkError.swift */,
				509BA2F0299E584600817A46 /* DataParser.swift */,
			);
			path = "Network services";
			sourceTree = "<group>";
		};
		509BA2E4299BFD8F00817A46 /* Extensions */ = {
			isa = PBXGroup;
			children = (
				509BA2E5299BFDA200817A46 /* URLSessionDataTask+Cancellable.swift */,
			);
			path = Extensions;
			sourceTree = "<group>";
		};
		509BA2ED299E54F500817A46 /* Request */ = {
			isa = PBXGroup;
			children = (
				509BA2E9299E436000817A46 /* RequestProtocol.swift */,
				509BA2EE299E550B00817A46 /* RequestManager.swift */,
			);
			path = Request;
			sourceTree = "<group>";
		};
		50A334BE299B5E44000A5131 /* Cells */ = {
			isa = PBXGroup;
			children = (
				50A334BC299B5E3E000A5131 /* FeedTableCell.swift */,
			);
			path = Cells;
			sourceTree = "<group>";
		};
		50D199BE29967D2400A0A3EB = {
			isa = PBXGroup;
			children = (
				50D199C929967D2400A0A3EB /* AnimeJourneyFeed */,
				50D199C829967D2400A0A3EB /* Products */,
				382053D8D9207723610FECFA /* Pods */,
				020C565DCC9C01DB5CB6F228 /* Frameworks */,
			);
			sourceTree = "<group>";
		};
		50D199C829967D2400A0A3EB /* Products */ = {
			isa = PBXGroup;
			children = (
				50D199C729967D2400A0A3EB /* AnimeJourneyFeed.app */,
			);
			name = Products;
			sourceTree = "<group>";
		};
		50D199C929967D2400A0A3EB /* AnimeJourneyFeed */ = {
			isa = PBXGroup;
			children = (
				509BA2E4299BFD8F00817A46 /* Extensions */,
				50D199CA29967D2400A0A3EB /* AppDelegate.swift */,
				50D199CC29967D2400A0A3EB /* SceneDelegate.swift */,
				5072C2E32999885200A1F424 /* RootApplicationService.swift */,
				50D199D329967D2A00A0A3EB /* Assets.xcassets */,
				50D199D529967D2A00A0A3EB /* LaunchScreen.storyboard */,
				50D199D829967D2A00A0A3EB /* Info.plist */,
				502F25C6299A4EDD00B75447 /* Json Model */,
				5072C2B72996988400A1F424 /* DataManager */,
				509BA2DE299BD62600817A46 /* Network services */,
				5072C2B62996986D00A1F424 /* FeedScreen */,
			);
			path = AnimeJourneyFeed;
			sourceTree = "<group>";
		};
/* End PBXGroup section */

/* Begin PBXNativeTarget section */
		50D199C629967D2400A0A3EB /* AnimeJourneyFeed */ = {
			isa = PBXNativeTarget;
			buildConfigurationList = 50D199DB29967D2A00A0A3EB /* Build configuration list for PBXNativeTarget "AnimeJourneyFeed" */;
			buildPhases = (
				02932DFAA89148980C3CEBB7 /* [CP] Check Pods Manifest.lock */,
				50D199C329967D2400A0A3EB /* Sources */,
				50D199C429967D2400A0A3EB /* Frameworks */,
				50D199C529967D2400A0A3EB /* Resources */,
				6A0B4F86FD7E455E03E98835 /* [CP] Embed Pods Frameworks */,
			);
			buildRules = (
			);
			dependencies = (
			);
			name = AnimeJourneyFeed;
			productName = AnimeJourneyFeed;
			productReference = 50D199C729967D2400A0A3EB /* AnimeJourneyFeed.app */;
			productType = "com.apple.product-type.application";
		};
/* End PBXNativeTarget section */

/* Begin PBXProject section */
		50D199BF29967D2400A0A3EB /* Project object */ = {
			isa = PBXProject;
			attributes = {
				BuildIndependentTargetsInParallel = 1;
				LastSwiftUpdateCheck = 1420;
				LastUpgradeCheck = 1420;
				TargetAttributes = {
					50D199C629967D2400A0A3EB = {
						CreatedOnToolsVersion = 14.2;
					};
				};
			};
			buildConfigurationList = 50D199C229967D2400A0A3EB /* Build configuration list for PBXProject "AnimeJourneyFeed" */;
			compatibilityVersion = "Xcode 14.0";
			developmentRegion = en;
			hasScannedForEncodings = 0;
			knownRegions = (
				en,
				Base,
			);
			mainGroup = 50D199BE29967D2400A0A3EB;
			productRefGroup = 50D199C829967D2400A0A3EB /* Products */;
			projectDirPath = "";
			projectRoot = "";
			targets = (
				50D199C629967D2400A0A3EB /* AnimeJourneyFeed */,
			);
		};
/* End PBXProject section */

/* Begin PBXResourcesBuildPhase section */
		50D199C529967D2400A0A3EB /* Resources */ = {
			isa = PBXResourcesBuildPhase;
			buildActionMask = 2147483647;
			files = (
				50D199D729967D2A00A0A3EB /* LaunchScreen.storyboard in Resources */,
				50D199D429967D2A00A0A3EB /* Assets.xcassets in Resources */,
			);
			runOnlyForDeploymentPostprocessing = 0;
		};
/* End PBXResourcesBuildPhase section */

/* Begin PBXShellScriptBuildPhase section */
		02932DFAA89148980C3CEBB7 /* [CP] Check Pods Manifest.lock */ = {
			isa = PBXShellScriptBuildPhase;
			buildActionMask = 2147483647;
			files = (
			);
			inputFileListPaths = (
			);
			inputPaths = (
				"${PODS_PODFILE_DIR_PATH}/Podfile.lock",
				"${PODS_ROOT}/Manifest.lock",
			);
			name = "[CP] Check Pods Manifest.lock";
			outputFileListPaths = (
			);
			outputPaths = (
				"$(DERIVED_FILE_DIR)/Pods-AnimeJourneyFeed-checkManifestLockResult.txt",
			);
			runOnlyForDeploymentPostprocessing = 0;
			shellPath = /bin/sh;
			shellScript = "diff \"${PODS_PODFILE_DIR_PATH}/Podfile.lock\" \"${PODS_ROOT}/Manifest.lock\" > /dev/null\nif [ $? != 0 ] ; then\n    # print error to STDERR\n    echo \"error: The sandbox is not in sync with the Podfile.lock. Run 'pod install' or update your CocoaPods installation.\" >&2\n    exit 1\nfi\n# This output is used by Xcode 'outputs' to avoid re-running this script phase.\necho \"SUCCESS\" > \"${SCRIPT_OUTPUT_FILE_0}\"\n";
			showEnvVarsInLog = 0;
		};
		6A0B4F86FD7E455E03E98835 /* [CP] Embed Pods Frameworks */ = {
			isa = PBXShellScriptBuildPhase;
			buildActionMask = 2147483647;
			files = (
			);
			inputFileListPaths = (
				"${PODS_ROOT}/Target Support Files/Pods-AnimeJourneyFeed/Pods-AnimeJourneyFeed-frameworks-${CONFIGURATION}-input-files.xcfilelist",
			);
			name = "[CP] Embed Pods Frameworks";
			outputFileListPaths = (
				"${PODS_ROOT}/Target Support Files/Pods-AnimeJourneyFeed/Pods-AnimeJourneyFeed-frameworks-${CONFIGURATION}-output-files.xcfilelist",
			);
			runOnlyForDeploymentPostprocessing = 0;
			shellPath = /bin/sh;
			shellScript = "\"${PODS_ROOT}/Target Support Files/Pods-AnimeJourneyFeed/Pods-AnimeJourneyFeed-frameworks.sh\"\n";
			showEnvVarsInLog = 0;
		};
/* End PBXShellScriptBuildPhase section */

/* Begin PBXSourcesBuildPhase section */
		50D199C329967D2400A0A3EB /* Sources */ = {
			isa = PBXSourcesBuildPhase;
			buildActionMask = 2147483647;
			files = (
				5072C2E029996E2700A1F424 /* FeedViewProtocol.swift in Sources */,
				50A334BD299B5E3E000A5131 /* FeedTableCell.swift in Sources */,
				5072C2C32996B02100A1F424 /* FeedAssembly.swift in Sources */,
				509BA2E6299BFDA200817A46 /* URLSessionDataTask+Cancellable.swift in Sources */,
				50D199CF29967D2400A0A3EB /* FeedViewController.swift in Sources */,
				5072C2C129969BE900A1F424 /* FeedView.swift in Sources */,
				509BA2F1299E584600817A46 /* DataParser.swift in Sources */,
				509BA2EF299E550B00817A46 /* RequestManager.swift in Sources */,
				509BA2E8299D0F4600817A46 /* FeedLoader.swift in Sources */,
				502F25C8299A4F0500B75447 /* ApiResponse.swift in Sources */,
				5072C2BF29969B5200A1F424 /* DataManager.swift in Sources */,
				5072C2BD29969A0100A1F424 /* Prototype.swift in Sources */,
				50D199CB29967D2400A0A3EB /* AppDelegate.swift in Sources */,
				509BA2E0299BD64E00817A46 /* PosterLoader.swift in Sources */,
				5072C2E42999885200A1F424 /* RootApplicationService.swift in Sources */,
				5072C2BB2996996800A1F424 /* FeedPresenter.swift in Sources */,
				50D199CD29967D2400A0A3EB /* SceneDelegate.swift in Sources */,
				509BA2EC299E47B500817A46 /* NetworkError.swift in Sources */,
				509BA2EA299E436100817A46 /* RequestProtocol.swift in Sources */,
				5072C2E229996F2700A1F424 /* FeedPresenterProtocol.swift in Sources */,
			);
			runOnlyForDeploymentPostprocessing = 0;
		};
/* End PBXSourcesBuildPhase section */

/* Begin PBXVariantGroup section */
		50D199D529967D2A00A0A3EB /* LaunchScreen.storyboard */ = {
			isa = PBXVariantGroup;
			children = (
				50D199D629967D2A00A0A3EB /* Base */,
			);
			name = LaunchScreen.storyboard;
			sourceTree = "<group>";
		};
/* End PBXVariantGroup section */

/* Begin XCBuildConfiguration section */
		50D199D929967D2A00A0A3EB /* Debug */ = {
			isa = XCBuildConfiguration;
			buildSettings = {
				ALWAYS_SEARCH_USER_PATHS = NO;
				CLANG_ANALYZER_NONNULL = YES;
				CLANG_ANALYZER_NUMBER_OBJECT_CONVERSION = YES_AGGRESSIVE;
				CLANG_CXX_LANGUAGE_STANDARD = "gnu++20";
				CLANG_ENABLE_MODULES = YES;
				CLANG_ENABLE_OBJC_ARC = YES;
				CLANG_ENABLE_OBJC_WEAK = YES;
				CLANG_WARN_BLOCK_CAPTURE_AUTORELEASING = YES;
				CLANG_WARN_BOOL_CONVERSION = YES;
				CLANG_WARN_COMMA = YES;
				CLANG_WARN_CONSTANT_CONVERSION = YES;
				CLANG_WARN_DEPRECATED_OBJC_IMPLEMENTATIONS = YES;
				CLANG_WARN_DIRECT_OBJC_ISA_USAGE = YES_ERROR;
				CLANG_WARN_DOCUMENTATION_COMMENTS = YES;
				CLANG_WARN_EMPTY_BODY = YES;
				CLANG_WARN_ENUM_CONVERSION = YES;
				CLANG_WARN_INFINITE_RECURSION = YES;
				CLANG_WARN_INT_CONVERSION = YES;
				CLANG_WARN_NON_LITERAL_NULL_CONVERSION = YES;
				CLANG_WARN_OBJC_IMPLICIT_RETAIN_SELF = YES;
				CLANG_WARN_OBJC_LITERAL_CONVERSION = YES;
				CLANG_WARN_OBJC_ROOT_CLASS = YES_ERROR;
				CLANG_WARN_QUOTED_INCLUDE_IN_FRAMEWORK_HEADER = YES;
				CLANG_WARN_RANGE_LOOP_ANALYSIS = YES;
				CLANG_WARN_STRICT_PROTOTYPES = YES;
				CLANG_WARN_SUSPICIOUS_MOVE = YES;
				CLANG_WARN_UNGUARDED_AVAILABILITY = YES_AGGRESSIVE;
				CLANG_WARN_UNREACHABLE_CODE = YES;
				CLANG_WARN__DUPLICATE_METHOD_MATCH = YES;
				COPY_PHASE_STRIP = NO;
				DEBUG_INFORMATION_FORMAT = dwarf;
				ENABLE_STRICT_OBJC_MSGSEND = YES;
				ENABLE_TESTABILITY = YES;
				GCC_C_LANGUAGE_STANDARD = gnu11;
				GCC_DYNAMIC_NO_PIC = NO;
				GCC_NO_COMMON_BLOCKS = YES;
				GCC_OPTIMIZATION_LEVEL = 0;
				GCC_PREPROCESSOR_DEFINITIONS = (
					"DEBUG=1",
					"$(inherited)",
				);
				GCC_WARN_64_TO_32_BIT_CONVERSION = YES;
				GCC_WARN_ABOUT_RETURN_TYPE = YES_ERROR;
				GCC_WARN_UNDECLARED_SELECTOR = YES;
				GCC_WARN_UNINITIALIZED_AUTOS = YES_AGGRESSIVE;
				GCC_WARN_UNUSED_FUNCTION = YES;
				GCC_WARN_UNUSED_VARIABLE = YES;
				IPHONEOS_DEPLOYMENT_TARGET = 16.2;
				MTL_ENABLE_DEBUG_INFO = INCLUDE_SOURCE;
				MTL_FAST_MATH = YES;
				ONLY_ACTIVE_ARCH = YES;
				SDKROOT = iphoneos;
				SWIFT_ACTIVE_COMPILATION_CONDITIONS = DEBUG;
				SWIFT_OPTIMIZATION_LEVEL = "-Onone";
			};
			name = Debug;
		};
		50D199DA29967D2A00A0A3EB /* Release */ = {
			isa = XCBuildConfiguration;
			buildSettings = {
				ALWAYS_SEARCH_USER_PATHS = NO;
				CLANG_ANALYZER_NONNULL = YES;
				CLANG_ANALYZER_NUMBER_OBJECT_CONVERSION = YES_AGGRESSIVE;
				CLANG_CXX_LANGUAGE_STANDARD = "gnu++20";
				CLANG_ENABLE_MODULES = YES;
				CLANG_ENABLE_OBJC_ARC = YES;
				CLANG_ENABLE_OBJC_WEAK = YES;
				CLANG_WARN_BLOCK_CAPTURE_AUTORELEASING = YES;
				CLANG_WARN_BOOL_CONVERSION = YES;
				CLANG_WARN_COMMA = YES;
				CLANG_WARN_CONSTANT_CONVERSION = YES;
				CLANG_WARN_DEPRECATED_OBJC_IMPLEMENTATIONS = YES;
				CLANG_WARN_DIRECT_OBJC_ISA_USAGE = YES_ERROR;
				CLANG_WARN_DOCUMENTATION_COMMENTS = YES;
				CLANG_WARN_EMPTY_BODY = YES;
				CLANG_WARN_ENUM_CONVERSION = YES;
				CLANG_WARN_INFINITE_RECURSION = YES;
				CLANG_WARN_INT_CONVERSION = YES;
				CLANG_WARN_NON_LITERAL_NULL_CONVERSION = YES;
				CLANG_WARN_OBJC_IMPLICIT_RETAIN_SELF = YES;
				CLANG_WARN_OBJC_LITERAL_CONVERSION = YES;
				CLANG_WARN_OBJC_ROOT_CLASS = YES_ERROR;
				CLANG_WARN_QUOTED_INCLUDE_IN_FRAMEWORK_HEADER = YES;
				CLANG_WARN_RANGE_LOOP_ANALYSIS = YES;
				CLANG_WARN_STRICT_PROTOTYPES = YES;
				CLANG_WARN_SUSPICIOUS_MOVE = YES;
				CLANG_WARN_UNGUARDED_AVAILABILITY = YES_AGGRESSIVE;
				CLANG_WARN_UNREACHABLE_CODE = YES;
				CLANG_WARN__DUPLICATE_METHOD_MATCH = YES;
				COPY_PHASE_STRIP = NO;
				DEBUG_INFORMATION_FORMAT = "dwarf-with-dsym";
				ENABLE_NS_ASSERTIONS = NO;
				ENABLE_STRICT_OBJC_MSGSEND = YES;
				GCC_C_LANGUAGE_STANDARD = gnu11;
				GCC_NO_COMMON_BLOCKS = YES;
				GCC_WARN_64_TO_32_BIT_CONVERSION = YES;
				GCC_WARN_ABOUT_RETURN_TYPE = YES_ERROR;
				GCC_WARN_UNDECLARED_SELECTOR = YES;
				GCC_WARN_UNINITIALIZED_AUTOS = YES_AGGRESSIVE;
				GCC_WARN_UNUSED_FUNCTION = YES;
				GCC_WARN_UNUSED_VARIABLE = YES;
				IPHONEOS_DEPLOYMENT_TARGET = 16.2;
				MTL_ENABLE_DEBUG_INFO = NO;
				MTL_FAST_MATH = YES;
				SDKROOT = iphoneos;
				SWIFT_COMPILATION_MODE = wholemodule;
				SWIFT_OPTIMIZATION_LEVEL = "-O";
				VALIDATE_PRODUCT = YES;
			};
			name = Release;
		};
		50D199DC29967D2A00A0A3EB /* Debug */ = {
			isa = XCBuildConfiguration;
			baseConfigurationReference = 8F308480748ACA845650A2B9 /* Pods-AnimeJourneyFeed.debug.xcconfig */;
			buildSettings = {
				ASSETCATALOG_COMPILER_APPICON_NAME = AppIcon;
				ASSETCATALOG_COMPILER_GLOBAL_ACCENT_COLOR_NAME = AccentColor;
				CODE_SIGN_STYLE = Automatic;
				CURRENT_PROJECT_VERSION = 1;
				DEVELOPMENT_TEAM = XY6SZA6T93;
				GENERATE_INFOPLIST_FILE = YES;
				INFOPLIST_FILE = AnimeJourneyFeed/Info.plist;
				INFOPLIST_KEY_UIApplicationSupportsIndirectInputEvents = YES;
				INFOPLIST_KEY_UILaunchStoryboardName = LaunchScreen;
				INFOPLIST_KEY_UISupportedInterfaceOrientations_iPad = "UIInterfaceOrientationPortrait UIInterfaceOrientationPortraitUpsideDown UIInterfaceOrientationLandscapeLeft UIInterfaceOrientationLandscapeRight";
				INFOPLIST_KEY_UISupportedInterfaceOrientations_iPhone = "UIInterfaceOrientationPortrait UIInterfaceOrientationLandscapeLeft UIInterfaceOrientationLandscapeRight";
				IPHONEOS_DEPLOYMENT_TARGET = 14.0;
				LD_RUNPATH_SEARCH_PATHS = (
					"$(inherited)",
					"@executable_path/Frameworks",
				);
				MARKETING_VERSION = 1.0;
				PRODUCT_BUNDLE_IDENTIFIER = "com.gimpastrike-gmail.AnimeJourneyFeed";
				PRODUCT_NAME = "$(TARGET_NAME)";
				SWIFT_EMIT_LOC_STRINGS = YES;
				SWIFT_VERSION = 5.0;
				TARGETED_DEVICE_FAMILY = "1,2";
			};
			name = Debug;
		};
		50D199DD29967D2A00A0A3EB /* Release */ = {
			isa = XCBuildConfiguration;
			baseConfigurationReference = 7CD372692D833F12C4DA9944 /* Pods-AnimeJourneyFeed.release.xcconfig */;
			buildSettings = {
				ASSETCATALOG_COMPILER_APPICON_NAME = AppIcon;
				ASSETCATALOG_COMPILER_GLOBAL_ACCENT_COLOR_NAME = AccentColor;
				CODE_SIGN_STYLE = Automatic;
				CURRENT_PROJECT_VERSION = 1;
				DEVELOPMENT_TEAM = XY6SZA6T93;
				GENERATE_INFOPLIST_FILE = YES;
				INFOPLIST_FILE = AnimeJourneyFeed/Info.plist;
				INFOPLIST_KEY_UIApplicationSupportsIndirectInputEvents = YES;
				INFOPLIST_KEY_UILaunchStoryboardName = LaunchScreen;
				INFOPLIST_KEY_UISupportedInterfaceOrientations_iPad = "UIInterfaceOrientationPortrait UIInterfaceOrientationPortraitUpsideDown UIInterfaceOrientationLandscapeLeft UIInterfaceOrientationLandscapeRight";
				INFOPLIST_KEY_UISupportedInterfaceOrientations_iPhone = "UIInterfaceOrientationPortrait UIInterfaceOrientationLandscapeLeft UIInterfaceOrientationLandscapeRight";
				IPHONEOS_DEPLOYMENT_TARGET = 14.0;
				LD_RUNPATH_SEARCH_PATHS = (
					"$(inherited)",
					"@executable_path/Frameworks",
				);
				MARKETING_VERSION = 1.0;
				PRODUCT_BUNDLE_IDENTIFIER = "com.gimpastrike-gmail.AnimeJourneyFeed";
				PRODUCT_NAME = "$(TARGET_NAME)";
				SWIFT_EMIT_LOC_STRINGS = YES;
				SWIFT_VERSION = 5.0;
				TARGETED_DEVICE_FAMILY = "1,2";
			};
			name = Release;
		};
/* End XCBuildConfiguration section */

/* Begin XCConfigurationList section */
		50D199C229967D2400A0A3EB /* Build configuration list for PBXProject "AnimeJourneyFeed" */ = {
			isa = XCConfigurationList;
			buildConfigurations = (
				50D199D929967D2A00A0A3EB /* Debug */,
				50D199DA29967D2A00A0A3EB /* Release */,
			);
			defaultConfigurationIsVisible = 0;
			defaultConfigurationName = Release;
		};
		50D199DB29967D2A00A0A3EB /* Build configuration list for PBXNativeTarget "AnimeJourneyFeed" */ = {
			isa = XCConfigurationList;
			buildConfigurations = (
				50D199DC29967D2A00A0A3EB /* Debug */,
				50D199DD29967D2A00A0A3EB /* Release */,
			);
			defaultConfigurationIsVisible = 0;
			defaultConfigurationName = Release;
		};
/* End XCConfigurationList section */
	};
	rootObject = 50D199BF29967D2400A0A3EB /* Project object */;
}
